
Microsoft Visual Studio Solution File, Format Version 12.00
# Visual Studio Version 17
VisualStudioVersion = 17.8.34511.84
MinimumVisualStudioVersion = 10.0.40219.1
Project("{9A19103F-16F7-4668-BE54-9A1E7A4F7556}") = "LaytonMotdm", "LaytonMotdm\LaytonMotdm.csproj", "{59810597-D08B-4163-B40A-A2842586648F}"
EndProject
Project("{9A19103F-16F7-4668-BE54-9A1E7A4F7556}") = "DocomoLayton", "DocomoLayton\DocomoLayton.csproj", "{890D33FB-59B5-4D9A-A32C-321E07863F1D}"
EndProject
Project("{9A19103F-16F7-4668-BE54-9A1E7A4F7556}") = "DocomoSdk", "DocomoSdk\DocomoSdk.csproj", "{E4E0BB02-28DF-4800-8B51-7B9B8EB4D5E9}"
EndProject
Project("{9A19103F-16F7-4668-BE54-9A1E7A4F7556}") = "DocomoCsJavaBridge", "DocomoCsJavaBridge\DocomoCsJavaBridge.csproj", "{ED138EB9-74A2-4674-A80B-02163330D170}"
EndProject
Global
	GlobalSection(SolutionConfigurationPlatforms) = preSolution
		Debug|Any CPU = Debug|Any CPU
		Release|Any CPU = Release|Any CPU
	EndGlobalSection
	GlobalSection(ProjectConfigurationPlatforms) = postSolution
		{59810597-D08B-4163-B40A-A2842586648F}.Debug|Any CPU.ActiveCfg = Debug|Any CPU
		{59810597-D08B-4163-B40A-A2842586648F}.Debug|Any CPU.Build.0 = Debug|Any CPU
		{59810597-D08B-4163-B40A-A2842586648F}.Release|Any CPU.ActiveCfg = Release|Any CPU
		{59810597-D08B-4163-B40A-A2842586648F}.Release|Any CPU.Build.0 = Release|Any CPU
		{890D33FB-59B5-4D9A-A32C-321E07863F1D}.Debug|Any CPU.ActiveCfg = Debug|Any CPU
		{890D33FB-59B5-4D9A-A32C-321E07863F1D}.Debug|Any CPU.Build.0 = Debug|Any CPU
		{890D33FB-59B5-4D9A-A32C-321E07863F1D}.Release|Any CPU.ActiveCfg = Release|Any CPU
		{890D33FB-59B5-4D9A-A32C-321E07863F1D}.Release|Any CPU.Build.0 = Release|Any CPU
		{E4E0BB02-28DF-4800-8B51-7B9B8EB4D5E9}.Debug|Any CPU.ActiveCfg = Debug|Any CPU
		{E4E0BB02-28DF-4800-8B51-7B9B8EB4D5E9}.Debug|Any CPU.Build.0 = Debug|Any CPU
		{E4E0BB02-28DF-4800-8B51-7B9B8EB4D5E9}.Release|Any CPU.ActiveCfg = Release|Any CPU
		{E4E0BB02-28DF-4800-8B51-7B9B8EB4D5E9}.Release|Any CPU.Build.0 = Release|Any CPU
		{ED138EB9-74A2-4674-A80B-02163330D170}.Debug|Any CPU.ActiveCfg = Debug|Any CPU
		{ED138EB9-74A2-4674-A80B-02163330D170}.Debug|Any CPU.Build.0 = Debug|Any CPU
		{ED138EB9-74A2-4674-A80B-02163330D170}.Release|Any CPU.ActiveCfg = Release|Any CPU
		{ED138EB9-74A2-4674-A80B-02163330D170}.Release|Any CPU.Build.0 = Release|Any CPU
	EndGlobalSection
	GlobalSection(SolutionProperties) = preSolution
		HideSolutionNode = FALSE
	EndGlobalSection
	GlobalSection(ExtensibilityGlobals) = postSolution
		SolutionGuid = {19F657C4-F3CC-4EF0-8B41-1B49AB11F3AB}
	EndGlobalSection
EndGlobal
