
Microsoft Visual Studio Solution File, Format Version 12.00
# Visual Studio Version 17
VisualStudioVersion = 17.8.34511.84
MinimumVisualStudioVersion = 10.0.40219.1
Project("{9A19103F-16F7-4668-BE54-9A1E7A4F7556}") = "LaytonMotdm3", "LaytonMotdm3\LaytonMotdm3.csproj", "{890D33FB-59B5-4D9A-A32C-321E07863F1D}"
EndProject
Project("{2150E333-8FDC-42A3-9474-1A3956D46DE8}") = "SDK", "SDK", "{02EA681E-C7D8-13C7-8484-4AC65E1B71E8}"
EndProject
Project("{FAE04EC0-301F-11D3-BF4B-00C04F79EFBC}") = "DocomoSdk", "..\..\sdk\DocomoSdk\DocomoSdk.csproj", "{8A9FF951-57D5-422F-2ADA-E05876BE8EF4}"
EndProject
Project("{FAE04EC0-301F-11D3-BF4B-00C04F79EFBC}") = "DocomoJavaSdk", "..\..\sdk\DocomoJavaSdk\DocomoJavaSdk.csproj", "{550142C1-2A36-5BF6-55FA-387711987562}"
EndProject
Project("{FAE04EC0-301F-11D3-BF4B-00C04F79EFBC}") = "DocomoCsJavaBridge", "..\..\sdk\DocomoCsJavaBridge\DocomoCsJavaBridge.csproj", "{0932846F-368F-A0EB-5927-3112738345DC}"
EndProject
Global
	GlobalSection(SolutionConfigurationPlatforms) = preSolution
		Debug|Any CPU = Debug|Any CPU
		Release|Any CPU = Release|Any CPU
	EndGlobalSection
	GlobalSection(ProjectConfigurationPlatforms) = postSolution
		{890D33FB-59B5-4D9A-A32C-321E07863F1D}.Debug|Any CPU.ActiveCfg = Debug|Any CPU
		{890D33FB-59B5-4D9A-A32C-321E07863F1D}.Debug|Any CPU.Build.0 = Debug|Any CPU
		{890D33FB-59B5-4D9A-A32C-321E07863F1D}.Release|Any CPU.ActiveCfg = Release|Any CPU
		{890D33FB-59B5-4D9A-A32C-321E07863F1D}.Release|Any CPU.Build.0 = Release|Any CPU
		{8A9FF951-57D5-422F-2ADA-E05876BE8EF4}.Debug|Any CPU.ActiveCfg = Debug|Any CPU
		{8A9FF951-57D5-422F-2ADA-E05876BE8EF4}.Debug|Any CPU.Build.0 = Debug|Any CPU
		{8A9FF951-57D5-422F-2ADA-E05876BE8EF4}.Release|Any CPU.ActiveCfg = Release|Any CPU
		{8A9FF951-57D5-422F-2ADA-E05876BE8EF4}.Release|Any CPU.Build.0 = Release|Any CPU
		{550142C1-2A36-5BF6-55FA-387711987562}.Debug|Any CPU.ActiveCfg = Debug|Any CPU
		{550142C1-2A36-5BF6-55FA-387711987562}.Debug|Any CPU.Build.0 = Debug|Any CPU
		{550142C1-2A36-5BF6-55FA-387711987562}.Release|Any CPU.ActiveCfg = Release|Any CPU
		{550142C1-2A36-5BF6-55FA-387711987562}.Release|Any CPU.Build.0 = Release|Any CPU
		{0932846F-368F-A0EB-5927-3112738345DC}.Debug|Any CPU.ActiveCfg = Debug|Any CPU
		{0932846F-368F-A0EB-5927-3112738345DC}.Debug|Any CPU.Build.0 = Debug|Any CPU
		{0932846F-368F-A0EB-5927-3112738345DC}.Release|Any CPU.ActiveCfg = Release|Any CPU
		{0932846F-368F-A0EB-5927-3112738345DC}.Release|Any CPU.Build.0 = Release|Any CPU
	EndGlobalSection
	GlobalSection(SolutionProperties) = preSolution
		HideSolutionNode = FALSE
	EndGlobalSection
	GlobalSection(NestedProjects) = preSolution
		{8A9FF951-57D5-422F-2ADA-E05876BE8EF4} = {02EA681E-C7D8-13C7-8484-4AC65E1B71E8}
		{550142C1-2A36-5BF6-55FA-387711987562} = {02EA681E-C7D8-13C7-8484-4AC65E1B71E8}
		{0932846F-368F-A0EB-5927-3112738345DC} = {02EA681E-C7D8-13C7-8484-4AC65E1B71E8}
	EndGlobalSection
	GlobalSection(ExtensibilityGlobals) = postSolution
		SolutionGuid = {19F657C4-F3CC-4EF0-8B41-1B49AB11F3AB}
	EndGlobalSection
EndGlobal
